
Microsoft Visual Studio Solution File, Format Version 12.00
# Visual Studio Version 17
VisualStudioVersion = 17.11.35312.102
MinimumVisualStudioVersion = 10.0.40219.1
Project("{FAE04EC0-301F-11D3-BF4B-00C04F79EFBC}") = "secindTry", "secindTry.csproj", "{F525BD77-B106-45AD-90EB-8C17E4916FD9}"
EndProject
Global
	GlobalSection(SolutionConfigurationPlatforms) = preSolution
		Debug|Any CPU = Debug|Any CPU
		Release|Any CPU = Release|Any CPU
	EndGlobalSection
	GlobalSection(ProjectConfigurationPlatforms) = postSolution
		{F525BD77-B106-45AD-90EB-8C17E4916FD9}.Debug|Any CPU.ActiveCfg = Release|Any CPU
		{F525BD77-B106-45AD-90EB-8C17E4916FD9}.Debug|Any CPU.Build.0 = Release|Any CPU
		{F525BD77-B106-45AD-90EB-8C17E4916FD9}.Release|Any CPU.ActiveCfg = Release|Any CPU
		{F525BD77-B106-45AD-90EB-8C17E4916FD9}.Release|Any CPU.Build.0 = Release|Any CPU
	EndGlobalSection
	GlobalSection(SolutionProperties) = preSolution
		HideSolutionNode = FALSE
	EndGlobalSection
	GlobalSection(ExtensibilityGlobals) = postSolution
		SolutionGuid = {6895F47E-ED06-4914-B6E1-845986239469}
	EndGlobalSection
EndGlobal
